{
  "name": "typetag-fn",
  "version": "1.0.2",
  "lockfileVersion": 1,
  "requires": true,
  "dependencies": {
    "typetag": {
      "version": "2.0.4",
      "resolved": "https://registry.npmjs.org/typetag/-/typetag-2.0.4.tgz",
      "integrity": "sha512-AlAf14Fcma7a16kA3uFsWrPGjBwif6AtDaqFP9q7hx2ZIoMVlRoOBiKdAk2LuugAHjYarySDTBDrMwK9PD0uEw=="
    }
  }
}
